{
    "_meta": {
        "hash": {
            "sha256": "ba1c4266202982088f517a0f4e940fd20f979865e1c256386a581280abd25fdb"
        },
        "pipfile-spec": 6,
        "requires": {
            "python_full_version": "3.11.4",
            "python_version": "3.11"
        },
        "sources": [
            {
                "name": "pypi",
                "url": "https://pypi.org/simple",
                "verify_ssl": true
            }
        ]
    },
    "default": {
        "av": {
            "hashes": [
                "sha256:04cd0ce13a87870fb0a0ea4673f04934af2b9ac7ae844eafe92e2c19c092ab11",
                "sha256:0577a38664e453b4ffb63d616a0d23c295827b16ae96a090e89527a753de8718",
                "sha256:07c971573035d22ce50069d3f2bbdb4d6d02d626ab13db12fda3ce519cda3f22",
                "sha256:088636ded03724a2ab51136f6f4be0bc457bdb3c0d2ac7158792fe81150d4c1a",
                "sha256:0f9c88062ebfd2ce547c522b64f79e487ed2b0a6a9d6693c801b28df0d944607",
                "sha256:10facb5b933551dd6a30d8015bc91eef5d1c864ee86aa3463ffbaff1a99f6c6a",
                "sha256:115e144d5a1f205378a4b3a3657b7ed3e45918ebe5d2003a891e45984e8f443a",
                "sha256:1301e4cf1a2c899851073720cd541066c8539b64f9eb0d52216f8d0a59f20429",
                "sha256:13fe0b48b9211539323ecebbf84154c86c72d16723c6d0af76e29ae5c3a614b2",
                "sha256:157bde3ffd1615a9006b56e4daf3b46848d3ee2bd46b0394f7568e43ed7ab5a9",
                "sha256:16bd82b63d0b4c1b855b3c36b13337f7cdc5925bd8284fab893bdf6c290fc3a9",
                "sha256:1b459ca0ef25c1a0e370112556bdc5b7752f76dc9bd497acaf3e653171e4b946",
                "sha256:1cdede2325cb750b5bf79238bbf06f9c2a70b757b12726003769a43493b7233a",
                "sha256:27d6d38c7c8d46d578c008ffcb8aad1eae14d0621fff41f4ad62395589045fe4",
                "sha256:3dac2a8b0791c3373270e32f6cd27e6b60628565a188e40a5d9660d3aab05e33",
                "sha256:51037f4bde03daf924236af4f444e17345792ad7f6f70760a5e5863407e14f2b",
                "sha256:63dbafcd02415127d97509523bc285f1ab260988f87b744d7fb1baee6ffbdf96",
                "sha256:69fd5a38395191a0f4b71adf31057ff177c9f0762914d73d8797742339ad67d0",
                "sha256:7a7d6e2b3fbda6464f74fe010dbcff361394bb014b0cb4aa4dc9f2bb713ce882",
                "sha256:7c579d718b52beb812ea2a7bd68f812d0920b00937804d52d31d41bb71aa5557",
                "sha256:7dba96a85cd37315529998e6dbbe3fa05c2344eb19a431dc24996be030a904ee",
                "sha256:81b5264d9752f49286bc1dc4d2cc66187418c4948a326dbed837c766c9892139",
                "sha256:836d69a9543d284976b229cc8d4343ffcfc0bbaf05239e13fb7e613b13d5291d",
                "sha256:86bb3f6e8cce62ad18cd34eb2eadd091d99f51b40be81c929b53fbd8fecf6d90",
                "sha256:8afd3d5610e1086f3b2d8389d66672ea78624516912c93612de64dcaa4c67e05",
                "sha256:8b6326fd0755761e3ee999e4bf90339e869fe71d548b679fee89157858b8d04a",
                "sha256:91ea46fea7259abdfabe00b0ed3a9ca18e7fff7ce80d2a2c66a28f797cce838a",
                "sha256:9788e6e15db0910fb8e1548ba7540799d07066177710590a5794a524c4910e05",
                "sha256:98cc376199c0aa6e9365d03e0f4e67cfb209e40fe9c0cf566372f9daf2a0c779",
                "sha256:a2cfd39baa5d82768d2a8898de7bfd450a083ef22b837d57e5dc1b6de3244218",
                "sha256:a62edd533d330aa61902ae8cd82966affa487fa337a0c4f58ae8866ccb5d31c0",
                "sha256:a6c8f3f8c26d35eefe45b849c81fd0816ba4b6f589baec7357c25b4c5537d3c4",
                "sha256:ab930735112c1f788cc4d47c42c59ba0dd214d815aa906e1addf39af91d15194",
                "sha256:b3fae238751ec0db6377b2106e13762ca84dbe104bd44c1ce9b424163aef4ab5",
                "sha256:b67b7d028c9cf68215376662fd2e0be6ca0cc02d32d3ed8514fec67b12db9cbd",
                "sha256:c2eeec7beaebfe9e2213b3c94b482381187d0afdcb632f93239b44dc668b97df",
                "sha256:ccaf786e747b126a5b3b9a8f5ffbb6a20c5f528775cc7084c95732ca72606fba",
                "sha256:d19bb54197155d045a2b683d993026d4bcb06e31c2acad0327e3e8711571899c",
                "sha256:e2ea4424d0be62fe18c843420284a0907bcb38d577062d62c4b75a8e940e6057",
                "sha256:e5085d11345484c0097898994bb3f515002e7e1deeb43dd11d30dd6f45402c49",
                "sha256:eba192274538617bbe60097a013d83637f1a5ba9844bbbcf3ca7e43c6499b9d5",
                "sha256:eebd5aa9d8b1e33e715c5409544a712f13ec805bb0110d75f394ff28d2fb64ad",
                "sha256:f7b508813abbc100162d305a1ac9b2dd16e5128d56f2ac69639fc6a4b5aca69e",
                "sha256:ff0f7d3b1003a9ed0d06038f3f521a5ff0d3e056ec5111e2a78e303f98b815a7"
            ],
            "index": "pypi",
            "version": "==10.0.0"
        },
        "numpy": {
            "hashes": [
                "sha256:012097b5b0d00a11070e8f2e261128c44157a8689f7dedcf35576e525893f4fe",
                "sha256:0d3fe3dd0506a28493d82dc3cf254be8cd0d26f4008a417385cbf1ae95b54004",
                "sha256:0def91f8af6ec4bb94c370e38c575855bf1d0be8a8fbfba42ef9c073faf2cf19",
                "sha256:1a180429394f81c7933634ae49b37b472d343cccb5bb0c4a575ac8bbc433722f",
                "sha256:1d5d3c68e443c90b38fdf8ef40e60e2538a27548b39b12b73132456847f4b631",
                "sha256:20e1266411120a4f16fad8efa8e0454d21d00b8c7cee5b5ccad7565d95eb42dd",
                "sha256:247d3ffdd7775bdf191f848be8d49100495114c82c2bd134e8d5d075fb386a1c",
                "sha256:35a9527c977b924042170a0887de727cd84ff179e478481404c5dc66b4170009",
                "sha256:38eb6548bb91c421261b4805dc44def9ca1a6eef6444ce35ad1669c0f1a3fc5d",
                "sha256:3d7abcdd85aea3e6cdddb59af2350c7ab1ed764397f8eec97a038ad244d2d105",
                "sha256:41a56b70e8139884eccb2f733c2f7378af06c82304959e174f8e7370af112e09",
                "sha256:4a90725800caeaa160732d6b31f3f843ebd45d6b5f3eec9e8cc287e30f2805bf",
                "sha256:6b82655dd8efeea69dbf85d00fca40013d7f503212bc5259056244961268b66e",
                "sha256:6c6c9261d21e617c6dc5eacba35cb68ec36bb72adcff0dee63f8fbc899362588",
                "sha256:77d339465dff3eb33c701430bcb9c325b60354698340229e1dff97745e6b3efa",
                "sha256:791f409064d0a69dd20579345d852c59822c6aa087f23b07b1b4e28ff5880fcb",
                "sha256:9a3a9f3a61480cc086117b426a8bd86869c213fc4072e606f01c4e4b66eb92bf",
                "sha256:c1516db588987450b85595586605742879e50dcce923e8973f79529651545b57",
                "sha256:c40571fe966393b212689aa17e32ed905924120737194b5d5c1b20b9ed0fb171",
                "sha256:d412c1697c3853c6fc3cb9751b4915859c7afe6a277c2bf00acf287d56c4e625",
                "sha256:d5154b1a25ec796b1aee12ac1b22f414f94752c5f94832f14d8d6c9ac40bcca6",
                "sha256:d736b75c3f2cb96843a5c7f8d8ccc414768d34b0a75f466c05f3a739b406f10b",
                "sha256:e8f6049c4878cb16960fbbfb22105e49d13d752d4d8371b55110941fb3b17800",
                "sha256:f76aebc3358ade9eacf9bc2bb8ae589863a4f911611694103af05346637df1b7",
                "sha256:fd67b306320dcadea700a8f79b9e671e607f8696e98ec255915c0c6d6b818503"
            ],
            "index": "pypi",
            "version": "==1.25.1"
        },
        "pyglet": {
            "hashes": [
                "sha256:c5cf9a132c1c01a67f54bf79f5a4cd8b4466d426f56852033078a3f67cd883c6",
                "sha256:f866895704e8fe63f836eac17740b3746b34e4c2e9f6ef567b35a4b69bca457b"
            ],
            "index": "pypi",
            "version": "==2.0.8"
        }
    },
    "develop": {}
}
